
Microsoft Visual Studio Solution File, Format Version 12.00
# Visual Studio Version 16
VisualStudioVersion = 16.0.29009.5
MinimumVisualStudioVersion = 10.0.40219.1
Project("{FAE04EC0-301F-11D3-BF4B-00C04F79EFBC}") = "CShp_ComboTextBox", "CShp_ComboTextBox\CShp_ComboTextBox.csproj", "{0331FADB-BF3A-4F72-B821-CBC4896DE3FF}"
EndProject
Global
	GlobalSection(SolutionConfigurationPlatforms) = preSolution
		Debug|Any CPU = Debug|Any CPU
		Release|Any CPU = Release|Any CPU
	EndGlobalSection
	GlobalSection(ProjectConfigurationPlatforms) = postSolution
		{0331FADB-BF3A-4F72-B821-CBC4896DE3FF}.Debug|Any CPU.ActiveCfg = Debug|Any CPU
		{0331FADB-BF3A-4F72-B821-CBC4896DE3FF}.Debug|Any CPU.Build.0 = Debug|Any CPU
		{0331FADB-BF3A-4F72-B821-CBC4896DE3FF}.Release|Any CPU.ActiveCfg = Release|Any CPU
		{0331FADB-BF3A-4F72-B821-CBC4896DE3FF}.Release|Any CPU.Build.0 = Release|Any CPU
	EndGlobalSection
	GlobalSection(SolutionProperties) = preSolution
		HideSolutionNode = FALSE
	EndGlobalSection
	GlobalSection(ExtensibilityGlobals) = postSolution
		SolutionGuid = {53335DF6-6FD1-409F-A6ED-F5B80B4AC5A7}
	EndGlobalSection
EndGlobal
